// !$*UTF8*$!
{
	archiveVersion = 1;
	classes = {
	};
	objectVersion = 55;
	objects = {

/* Begin PBXBuildFile section */
		659075D929395895004C84B4 /* AppDelegate.swift in Sources */ = {isa = PBXBuildFile; fileRef = 659075D829395895004C84B4 /* AppDelegate.swift */; };
		659075DB29395895004C84B4 /* SceneDelegate.swift in Sources */ = {isa = PBXBuildFile; fileRef = 659075DA29395895004C84B4 /* SceneDelegate.swift */; };
		659075DD29395895004C84B4 /* ViewController.swift in Sources */ = {isa = PBXBuildFile; fileRef = 659075DC29395895004C84B4 /* ViewController.swift */; };
		659075E029395895004C84B4 /* Main.storyboard in Resources */ = {isa = PBXBuildFile; fileRef = 659075DE29395895004C84B4 /* Main.storyboard */; };
		659075E229395897004C84B4 /* Assets.xcassets in Resources */ = {isa = PBXBuildFile; fileRef = 659075E129395897004C84B4 /* Assets.xcassets */; };
		659075E529395897004C84B4 /* LaunchScreen.storyboard in Resources */ = {isa = PBXBuildFile; fileRef = 659075E329395897004C84B4 /* LaunchScreen.storyboard */; };
		659075ED293958AA004C84B4 /* GradientView.swift in Sources */ = {isa = PBXBuildFile; fileRef = 659075EC293958AA004C84B4 /* GradientView.swift */; };
		65B1FB1F29397FB6007B32BC /* MapCell.swift in Sources */ = {isa = PBXBuildFile; fileRef = 65B1FB1E29397FB6007B32BC /* MapCell.swift */; };
		65B1FB2329398887007B32BC /* MapTableViewController.swift in Sources */ = {isa = PBXBuildFile; fileRef = 65B1FB2229398887007B32BC /* MapTableViewController.swift */; };
		65B1FB2929398A53007B32BC /* MapViewController.swift in Sources */ = {isa = PBXBuildFile; fileRef = 65B1FB2829398A53007B32BC /* MapViewController.swift */; };
		65B1FB2B2939A4A2007B32BC /* InfoPostingViewController.swift in Sources */ = {isa = PBXBuildFile; fileRef = 65B1FB2A2939A4A2007B32BC /* InfoPostingViewController.swift */; };
		65B1FB2E2939B17C007B32BC /* API.swift in Sources */ = {isa = PBXBuildFile; fileRef = 65B1FB2D2939B17C007B32BC /* API.swift */; };
		65B1FB32293A7775007B32BC /* Location.swift in Sources */ = {isa = PBXBuildFile; fileRef = 65B1FB31293A7775007B32BC /* Location.swift */; };
		65B1FB34293A79AD007B32BC /* StudentLocations.swift in Sources */ = {isa = PBXBuildFile; fileRef = 65B1FB33293A79AD007B32BC /* StudentLocations.swift */; };
		65B36090293AF68B0017CD8A /* MapStruct.swift in Sources */ = {isa = PBXBuildFile; fileRef = 65B3608F293AF68B0017CD8A /* MapStruct.swift */; };
/* End PBXBuildFile section */

/* Begin PBXFileReference section */
		659075D529395895004C84B4 /* OnTheMap.app */ = {isa = PBXFileReference; explicitFileType = wrapper.application; includeInIndex = 0; path = OnTheMap.app; sourceTree = BUILT_PRODUCTS_DIR; };
		659075D829395895004C84B4 /* AppDelegate.swift */ = {isa = PBXFileReference; lastKnownFileType = sourcecode.swift; path = AppDelegate.swift; sourceTree = "<group>"; };
		659075DA29395895004C84B4 /* SceneDelegate.swift */ = {isa = PBXFileReference; lastKnownFileType = sourcecode.swift; path = SceneDelegate.swift; sourceTree = "<group>"; };
		659075DC29395895004C84B4 /* ViewController.swift */ = {isa = PBXFileReference; lastKnownFileType = sourcecode.swift; path = ViewController.swift; sourceTree = "<group>"; };
		659075DF29395895004C84B4 /* Base */ = {isa = PBXFileReference; lastKnownFileType = file.storyboard; name = Base; path = Base.lproj/Main.storyboard; sourceTree = "<group>"; };
		659075E129395897004C84B4 /* Assets.xcassets */ = {isa = PBXFileReference; lastKnownFileType = folder.assetcatalog; path = Assets.xcassets; sourceTree = "<group>"; };
		659075E429395897004C84B4 /* Base */ = {isa = PBXFileReference; lastKnownFileType = file.storyboard; name = Base; path = Base.lproj/LaunchScreen.storyboard; sourceTree = "<group>"; };
		659075E629395897004C84B4 /* Info.plist */ = {isa = PBXFileReference; lastKnownFileType = text.plist.xml; path = Info.plist; sourceTree = "<group>"; };
		659075EC293958AA004C84B4 /* GradientView.swift */ = {isa = PBXFileReference; lastKnownFileType = sourcecode.swift; path = GradientView.swift; sourceTree = "<group>"; };
		65B1FB1E29397FB6007B32BC /* MapCell.swift */ = {isa = PBXFileReference; lastKnownFileType = sourcecode.swift; path = MapCell.swift; sourceTree = "<group>"; };
		65B1FB2229398887007B32BC /* MapTableViewController.swift */ = {isa = PBXFileReference; lastKnownFileType = sourcecode.swift; path = MapTableViewController.swift; sourceTree = "<group>"; };
		65B1FB2829398A53007B32BC /* MapViewController.swift */ = {isa = PBXFileReference; lastKnownFileType = sourcecode.swift; path = MapViewController.swift; sourceTree = "<group>"; };
		65B1FB2A2939A4A2007B32BC /* InfoPostingViewController.swift */ = {isa = PBXFileReference; lastKnownFileType = sourcecode.swift; path = InfoPostingViewController.swift; sourceTree = "<group>"; };
		65B1FB2D2939B17C007B32BC /* API.swift */ = {isa = PBXFileReference; lastKnownFileType = sourcecode.swift; path = API.swift; sourceTree = "<group>"; };
		65B1FB31293A7775007B32BC /* Location.swift */ = {isa = PBXFileReference; lastKnownFileType = sourcecode.swift; path = Location.swift; sourceTree = "<group>"; };
		65B1FB33293A79AD007B32BC /* StudentLocations.swift */ = {isa = PBXFileReference; lastKnownFileType = sourcecode.swift; path = StudentLocations.swift; sourceTree = "<group>"; };
		65B3608F293AF68B0017CD8A /* MapStruct.swift */ = {isa = PBXFileReference; lastKnownFileType = sourcecode.swift; path = MapStruct.swift; sourceTree = "<group>"; };
/* End PBXFileReference section */

/* Begin PBXFrameworksBuildPhase section */
		659075D229395895004C84B4 /* Frameworks */ = {
			isa = PBXFrameworksBuildPhase;
			buildActionMask = 2147483647;
			files = (
			);
			runOnlyForDeploymentPostprocessing = 0;
		};
/* End PBXFrameworksBuildPhase section */

/* Begin PBXGroup section */
		659075CC29395895004C84B4 = {
			isa = PBXGroup;
			children = (
				65B3608F293AF68B0017CD8A /* MapStruct.swift */,
				65B1FB2A2939A4A2007B32BC /* InfoPostingViewController.swift */,
				65B1FB2829398A53007B32BC /* MapViewController.swift */,
				65B1FB2229398887007B32BC /* MapTableViewController.swift */,
				65B1FB1E29397FB6007B32BC /* MapCell.swift */,
				659075EC293958AA004C84B4 /* GradientView.swift */,
				659075D729395895004C84B4 /* OnTheMap */,
				659075D629395895004C84B4 /* Products */,
			);
			sourceTree = "<group>";
		};
		659075D629395895004C84B4 /* Products */ = {
			isa = PBXGroup;
			children = (
				659075D529395895004C84B4 /* OnTheMap.app */,
			);
			name = Products;
			sourceTree = "<group>";
		};
		659075D729395895004C84B4 /* OnTheMap */ = {
			isa = PBXGroup;
			children = (
				659075DA29395895004C84B4 /* SceneDelegate.swift */,
				659075E329395897004C84B4 /* LaunchScreen.storyboard */,
				659075E629395897004C84B4 /* Info.plist */,
				659075E129395897004C84B4 /* Assets.xcassets */,
				659075DC29395895004C84B4 /* ViewController.swift */,
				659075D829395895004C84B4 /* AppDelegate.swift */,
				659075DE29395895004C84B4 /* Main.storyboard */,
				65B1FB2C2939B134007B32BC /* Model */,
			);
			path = OnTheMap;
			sourceTree = "<group>";
		};
		65B1FB2C2939B134007B32BC /* Model */ = {
			isa = PBXGroup;
			children = (
				65B1FB2D2939B17C007B32BC /* API.swift */,
				65B1FB31293A7775007B32BC /* Location.swift */,
				65B1FB33293A79AD007B32BC /* StudentLocations.swift */,
			);
			path = Model;
			sourceTree = "<group>";
		};
/* End PBXGroup section */

/* Begin PBXNativeTarget section */
		659075D429395895004C84B4 /* OnTheMap */ = {
			isa = PBXNativeTarget;
			buildConfigurationList = 659075E929395897004C84B4 /* Build configuration list for PBXNativeTarget "OnTheMap" */;
			buildPhases = (
				659075D129395895004C84B4 /* Sources */,
				659075D229395895004C84B4 /* Frameworks */,
				659075D329395895004C84B4 /* Resources */,
			);
			buildRules = (
			);
			dependencies = (
			);
			name = OnTheMap;
			productName = OnTheMap;
			productReference = 659075D529395895004C84B4 /* OnTheMap.app */;
			productType = "com.apple.product-type.application";
		};
/* End PBXNativeTarget section */

/* Begin PBXProject section */
		659075CD29395895004C84B4 /* Project object */ = {
			isa = PBXProject;
			attributes = {
				BuildIndependentTargetsInParallel = 1;
				LastSwiftUpdateCheck = 1340;
				LastUpgradeCheck = 1340;
				TargetAttributes = {
					659075D429395895004C84B4 = {
						CreatedOnToolsVersion = 13.4.1;
					};
				};
			};
			buildConfigurationList = 659075D029395895004C84B4 /* Build configuration list for PBXProject "OnTheMap" */;
			compatibilityVersion = "Xcode 13.0";
			developmentRegion = en;
			hasScannedForEncodings = 0;
			knownRegions = (
				en,
				Base,
			);
			mainGroup = 659075CC29395895004C84B4;
			productRefGroup = 659075D629395895004C84B4 /* Products */;
			projectDirPath = "";
			projectRoot = "";
			targets = (
				659075D429395895004C84B4 /* OnTheMap */,
			);
		};
/* End PBXProject section */

/* Begin PBXResourcesBuildPhase section */
		659075D329395895004C84B4 /* Resources */ = {
			isa = PBXResourcesBuildPhase;
			buildActionMask = 2147483647;
			files = (
				659075E529395897004C84B4 /* LaunchScreen.storyboard in Resources */,
				659075E229395897004C84B4 /* Assets.xcassets in Resources */,
				659075E029395895004C84B4 /* Main.storyboard in Resources */,
			);
			runOnlyForDeploymentPostprocessing = 0;
		};
/* End PBXResourcesBuildPhase section */

/* Begin PBXSourcesBuildPhase section */
		659075D129395895004C84B4 /* Sources */ = {
			isa = PBXSourcesBuildPhase;
			buildActionMask = 2147483647;
			files = (
				659075DD29395895004C84B4 /* ViewController.swift in Sources */,
				65B1FB2B2939A4A2007B32BC /* InfoPostingViewController.swift in Sources */,
				65B1FB32293A7775007B32BC /* Location.swift in Sources */,
				659075D929395895004C84B4 /* AppDelegate.swift in Sources */,
				65B1FB34293A79AD007B32BC /* StudentLocations.swift in Sources */,
				65B36090293AF68B0017CD8A /* MapStruct.swift in Sources */,
				65B1FB2329398887007B32BC /* MapTableViewController.swift in Sources */,
				65B1FB1F29397FB6007B32BC /* MapCell.swift in Sources */,
				659075ED293958AA004C84B4 /* GradientView.swift in Sources */,
				659075DB29395895004C84B4 /* SceneDelegate.swift in Sources */,
				65B1FB2E2939B17C007B32BC /* API.swift in Sources */,
				65B1FB2929398A53007B32BC /* MapViewController.swift in Sources */,
			);
			runOnlyForDeploymentPostprocessing = 0;
		};
/* End PBXSourcesBuildPhase section */

/* Begin PBXVariantGroup section */
		659075DE29395895004C84B4 /* Main.storyboard */ = {
			isa = PBXVariantGroup;
			children = (
				659075DF29395895004C84B4 /* Base */,
			);
			name = Main.storyboard;
			sourceTree = "<group>";
		};
		659075E329395897004C84B4 /* LaunchScreen.storyboard */ = {
			isa = PBXVariantGroup;
			children = (
				659075E429395897004C84B4 /* Base */,
			);
			name = LaunchScreen.storyboard;
			sourceTree = "<group>";
		};
/* End PBXVariantGroup section */

/* Begin XCBuildConfiguration section */
		659075E729395897004C84B4 /* Debug */ = {
			isa = XCBuildConfiguration;
			buildSettings = {
				ALWAYS_SEARCH_USER_PATHS = NO;
				CLANG_ANALYZER_NONNULL = YES;
				CLANG_ANALYZER_NUMBER_OBJECT_CONVERSION = YES_AGGRESSIVE;
				CLANG_CXX_LANGUAGE_STANDARD = "gnu++17";
				CLANG_ENABLE_MODULES = YES;
				CLANG_ENABLE_OBJC_ARC = YES;
				CLANG_ENABLE_OBJC_WEAK = YES;
				CLANG_WARN_BLOCK_CAPTURE_AUTORELEASING = YES;
				CLANG_WARN_BOOL_CONVERSION = YES;
				CLANG_WARN_COMMA = YES;
				CLANG_WARN_CONSTANT_CONVERSION = YES;
				CLANG_WARN_DEPRECATED_OBJC_IMPLEMENTATIONS = YES;
				CLANG_WARN_DIRECT_OBJC_ISA_USAGE = YES_ERROR;
				CLANG_WARN_DOCUMENTATION_COMMENTS = YES;
				CLANG_WARN_EMPTY_BODY = YES;
				CLANG_WARN_ENUM_CONVERSION = YES;
				CLANG_WARN_INFINITE_RECURSION = YES;
				CLANG_WARN_INT_CONVERSION = YES;
				CLANG_WARN_NON_LITERAL_NULL_CONVERSION = YES;
				CLANG_WARN_OBJC_IMPLICIT_RETAIN_SELF = YES;
				CLANG_WARN_OBJC_LITERAL_CONVERSION = YES;
				CLANG_WARN_OBJC_ROOT_CLASS = YES_ERROR;
				CLANG_WARN_QUOTED_INCLUDE_IN_FRAMEWORK_HEADER = YES;
				CLANG_WARN_RANGE_LOOP_ANALYSIS = YES;
				CLANG_WARN_STRICT_PROTOTYPES = YES;
				CLANG_WARN_SUSPICIOUS_MOVE = YES;
				CLANG_WARN_UNGUARDED_AVAILABILITY = YES_AGGRESSIVE;
				CLANG_WARN_UNREACHABLE_CODE = YES;
				CLANG_WARN__DUPLICATE_METHOD_MATCH = YES;
				COPY_PHASE_STRIP = NO;
				DEBUG_INFORMATION_FORMAT = dwarf;
				ENABLE_STRICT_OBJC_MSGSEND = YES;
				ENABLE_TESTABILITY = YES;
				GCC_C_LANGUAGE_STANDARD = gnu11;
				GCC_DYNAMIC_NO_PIC = NO;
				GCC_NO_COMMON_BLOCKS = YES;
				GCC_OPTIMIZATION_LEVEL = 0;
				GCC_PREPROCESSOR_DEFINITIONS = (
					"DEBUG=1",
					"$(inherited)",
				);
				GCC_WARN_64_TO_32_BIT_CONVERSION = YES;
				GCC_WARN_ABOUT_RETURN_TYPE = YES_ERROR;
				GCC_WARN_UNDECLARED_SELECTOR = YES;
				GCC_WARN_UNINITIALIZED_AUTOS = YES_AGGRESSIVE;
				GCC_WARN_UNUSED_FUNCTION = YES;
				GCC_WARN_UNUSED_VARIABLE = YES;
				IPHONEOS_DEPLOYMENT_TARGET = 15.5;
				MTL_ENABLE_DEBUG_INFO = INCLUDE_SOURCE;
				MTL_FAST_MATH = YES;
				ONLY_ACTIVE_ARCH = YES;
				SDKROOT = iphoneos;
				SWIFT_ACTIVE_COMPILATION_CONDITIONS = DEBUG;
				SWIFT_OPTIMIZATION_LEVEL = "-Onone";
			};
			name = Debug;
		};
		659075E829395897004C84B4 /* Release */ = {
			isa = XCBuildConfiguration;
			buildSettings = {
				ALWAYS_SEARCH_USER_PATHS = NO;
				CLANG_ANALYZER_NONNULL = YES;
				CLANG_ANALYZER_NUMBER_OBJECT_CONVERSION = YES_AGGRESSIVE;
				CLANG_CXX_LANGUAGE_STANDARD = "gnu++17";
				CLANG_ENABLE_MODULES = YES;
				CLANG_ENABLE_OBJC_ARC = YES;
				CLANG_ENABLE_OBJC_WEAK = YES;
				CLANG_WARN_BLOCK_CAPTURE_AUTORELEASING = YES;
				CLANG_WARN_BOOL_CONVERSION = YES;
				CLANG_WARN_COMMA = YES;
				CLANG_WARN_CONSTANT_CONVERSION = YES;
				CLANG_WARN_DEPRECATED_OBJC_IMPLEMENTATIONS = YES;
				CLANG_WARN_DIRECT_OBJC_ISA_USAGE = YES_ERROR;
				CLANG_WARN_DOCUMENTATION_COMMENTS = YES;
				CLANG_WARN_EMPTY_BODY = YES;
				CLANG_WARN_ENUM_CONVERSION = YES;
				CLANG_WARN_INFINITE_RECURSION = YES;
				CLANG_WARN_INT_CONVERSION = YES;
				CLANG_WARN_NON_LITERAL_NULL_CONVERSION = YES;
				CLANG_WARN_OBJC_IMPLICIT_RETAIN_SELF = YES;
				CLANG_WARN_OBJC_LITERAL_CONVERSION = YES;
				CLANG_WARN_OBJC_ROOT_CLASS = YES_ERROR;
				CLANG_WARN_QUOTED_INCLUDE_IN_FRAMEWORK_HEADER = YES;
				CLANG_WARN_RANGE_LOOP_ANALYSIS = YES;
				CLANG_WARN_STRICT_PROTOTYPES = YES;
				CLANG_WARN_SUSPICIOUS_MOVE = YES;
				CLANG_WARN_UNGUARDED_AVAILABILITY = YES_AGGRESSIVE;
				CLANG_WARN_UNREACHABLE_CODE = YES;
				CLANG_WARN__DUPLICATE_METHOD_MATCH = YES;
				COPY_PHASE_STRIP = NO;
				DEBUG_INFORMATION_FORMAT = "dwarf-with-dsym";
				ENABLE_NS_ASSERTIONS = NO;
				ENABLE_STRICT_OBJC_MSGSEND = YES;
				GCC_C_LANGUAGE_STANDARD = gnu11;
				GCC_NO_COMMON_BLOCKS = YES;
				GCC_WARN_64_TO_32_BIT_CONVERSION = YES;
				GCC_WARN_ABOUT_RETURN_TYPE = YES_ERROR;
				GCC_WARN_UNDECLARED_SELECTOR = YES;
				GCC_WARN_UNINITIALIZED_AUTOS = YES_AGGRESSIVE;
				GCC_WARN_UNUSED_FUNCTION = YES;
				GCC_WARN_UNUSED_VARIABLE = YES;
				IPHONEOS_DEPLOYMENT_TARGET = 15.5;
				MTL_ENABLE_DEBUG_INFO = NO;
				MTL_FAST_MATH = YES;
				SDKROOT = iphoneos;
				SWIFT_COMPILATION_MODE = wholemodule;
				SWIFT_OPTIMIZATION_LEVEL = "-O";
				VALIDATE_PRODUCT = YES;
			};
			name = Release;
		};
		659075EA29395897004C84B4 /* Debug */ = {
			isa = XCBuildConfiguration;
			buildSettings = {
				ASSETCATALOG_COMPILER_APPICON_NAME = AppIcon;
				ASSETCATALOG_COMPILER_GLOBAL_ACCENT_COLOR_NAME = AccentColor;
				CODE_SIGN_STYLE = Automatic;
				CURRENT_PROJECT_VERSION = 1;
				DEVELOPMENT_TEAM = 43P7D3LWML;
				GENERATE_INFOPLIST_FILE = YES;
				INFOPLIST_FILE = OnTheMap/Info.plist;
				INFOPLIST_KEY_UIApplicationSupportsIndirectInputEvents = YES;
				INFOPLIST_KEY_UILaunchStoryboardName = LaunchScreen;
				INFOPLIST_KEY_UIMainStoryboardFile = Main;
				INFOPLIST_KEY_UISupportedInterfaceOrientations_iPad = "UIInterfaceOrientationPortrait UIInterfaceOrientationPortraitUpsideDown UIInterfaceOrientationLandscapeLeft UIInterfaceOrientationLandscapeRight";
				INFOPLIST_KEY_UISupportedInterfaceOrientations_iPhone = "UIInterfaceOrientationPortrait UIInterfaceOrientationLandscapeLeft UIInterfaceOrientationLandscapeRight";
				LD_RUNPATH_SEARCH_PATHS = (
					"$(inherited)",
					"@executable_path/Frameworks",
				);
				MARKETING_VERSION = 1.0;
				PRODUCT_BUNDLE_IDENTIFIER = Udacity.OnTheMap;
				PRODUCT_NAME = "$(TARGET_NAME)";
				SWIFT_EMIT_LOC_STRINGS = YES;
				SWIFT_VERSION = 5.0;
				TARGETED_DEVICE_FAMILY = "1,2";
			};
			name = Debug;
		};
		659075EB29395897004C84B4 /* Release */ = {
			isa = XCBuildConfiguration;
			buildSettings = {
				ASSETCATALOG_COMPILER_APPICON_NAME = AppIcon;
				ASSETCATALOG_COMPILER_GLOBAL_ACCENT_COLOR_NAME = AccentColor;
				CODE_SIGN_STYLE = Automatic;
				CURRENT_PROJECT_VERSION = 1;
				DEVELOPMENT_TEAM = 43P7D3LWML;
				GENERATE_INFOPLIST_FILE = YES;
				INFOPLIST_FILE = OnTheMap/Info.plist;
				INFOPLIST_KEY_UIApplicationSupportsIndirectInputEvents = YES;
				INFOPLIST_KEY_UILaunchStoryboardName = LaunchScreen;
				INFOPLIST_KEY_UIMainStoryboardFile = Main;
				INFOPLIST_KEY_UISupportedInterfaceOrientations_iPad = "UIInterfaceOrientationPortrait UIInterfaceOrientationPortraitUpsideDown UIInterfaceOrientationLandscapeLeft UIInterfaceOrientationLandscapeRight";
				INFOPLIST_KEY_UISupportedInterfaceOrientations_iPhone = "UIInterfaceOrientationPortrait UIInterfaceOrientationLandscapeLeft UIInterfaceOrientationLandscapeRight";
				LD_RUNPATH_SEARCH_PATHS = (
					"$(inherited)",
					"@executable_path/Frameworks",
				);
				MARKETING_VERSION = 1.0;
				PRODUCT_BUNDLE_IDENTIFIER = Udacity.OnTheMap;
				PRODUCT_NAME = "$(TARGET_NAME)";
				SWIFT_EMIT_LOC_STRINGS = YES;
				SWIFT_VERSION = 5.0;
				TARGETED_DEVICE_FAMILY = "1,2";
			};
			name = Release;
		};
/* End XCBuildConfiguration section */

/* Begin XCConfigurationList section */
		659075D029395895004C84B4 /* Build configuration list for PBXProject "OnTheMap" */ = {
			isa = XCConfigurationList;
			buildConfigurations = (
				659075E729395897004C84B4 /* Debug */,
				659075E829395897004C84B4 /* Release */,
			);
			defaultConfigurationIsVisible = 0;
			defaultConfigurationName = Release;
		};
		659075E929395897004C84B4 /* Build configuration list for PBXNativeTarget "OnTheMap" */ = {
			isa = XCConfigurationList;
			buildConfigurations = (
				659075EA29395897004C84B4 /* Debug */,
				659075EB29395897004C84B4 /* Release */,
			);
			defaultConfigurationIsVisible = 0;
			defaultConfigurationName = Release;
		};
/* End XCConfigurationList section */
	};
	rootObject = 659075CD29395895004C84B4 /* Project object */;
}
